// !$*UTF8*$!
{
	archiveVersion = 1;
	classes = {
	};
	objectVersion = 46;
	objects = {

/* Begin PBXBuildFile section */
		5B539F4D1B3C08B90051B421 /* Localizable.strings in Resources */ = {isa = PBXBuildFile; fileRef = 5B539F4C1B3C08B90051B421 /* Localizable.strings */; };
		5B539F4E1B3C08B90051B421 /* Localizable.strings in Resources */ = {isa = PBXBuildFile; fileRef = 5B539F4C1B3C08B90051B421 /* Localizable.strings */; };
		5B6283B31A652E6200880D01 /* US2Commit.m in Sources */ = {isa = PBXBuildFile; fileRef = 5BC53F061A5EB149006E398A /* US2Commit.m */; };
		5B6283B41A652E6200880D01 /* US2CommitDetailViewController.m in Sources */ = {isa = PBXBuildFile; fileRef = 5BC53F0C1A6026D4006E398A /* US2CommitDetailViewController.m */; };
		5B6283B51A652E6200880D01 /* US2CommitTableViewCell.m in Sources */ = {isa = PBXBuildFile; fileRef = 5BC53F091A5EF6DD006E398A /* US2CommitTableViewCell.m */; };
		5B6283B61A652E6200880D01 /* US2RepositoryCommitsViewController.m in Sources */ = {isa = PBXBuildFile; fileRef = 5BC53EE71A5EAE48006E398A /* US2RepositoryCommitsViewController.m */; };
		5B6283B71A652E6200880D01 /* US2Server.m in Sources */ = {isa = PBXBuildFile; fileRef = 5BE64F3A1A64396900AAA842 /* US2Server.m */; };
		5B6283B81A652E6200880D01 /* US2AppDelegate.m in Sources */ = {isa = PBXBuildFile; fileRef = 5BC53EE41A5EAE48006E398A /* US2AppDelegate.m */; };
		5B6283B91A652E6200880D01 /* main.m in Sources */ = {isa = PBXBuildFile; fileRef = 5BC53EE11A5EAE48006E398A /* main.m */; };
		5B6283BC1A652E6200880D01 /* US2Main.storyboard in Resources */ = {isa = PBXBuildFile; fileRef = 5BC53EE91A5EAE48006E398A /* US2Main.storyboard */; };
		5B6283BD1A652E6200880D01 /* US2LaunchScreen.xib in Resources */ = {isa = PBXBuildFile; fileRef = 5BC53EEE1A5EAE48006E398A /* US2LaunchScreen.xib */; };
		5B6283BE1A652E6200880D01 /* Images.xcassets in Resources */ = {isa = PBXBuildFile; fileRef = 5BC53EEC1A5EAE48006E398A /* Images.xcassets */; };
		5B6283C51A652EF800880D01 /* server.json in Resources */ = {isa = PBXBuildFile; fileRef = 5B6283C41A652EF800880D01 /* server.json */; };
		5B6283C71A652F8500880D01 /* Info-BDD.plist in Resources */ = {isa = PBXBuildFile; fileRef = 5B6283C61A652F8500880D01 /* Info-BDD.plist */; };
		5BC53EE21A5EAE48006E398A /* main.m in Sources */ = {isa = PBXBuildFile; fileRef = 5BC53EE11A5EAE48006E398A /* main.m */; };
		5BC53EE51A5EAE48006E398A /* US2AppDelegate.m in Sources */ = {isa = PBXBuildFile; fileRef = 5BC53EE41A5EAE48006E398A /* US2AppDelegate.m */; };
		5BC53EE81A5EAE48006E398A /* US2RepositoryCommitsViewController.m in Sources */ = {isa = PBXBuildFile; fileRef = 5BC53EE71A5EAE48006E398A /* US2RepositoryCommitsViewController.m */; };
		5BC53EEB1A5EAE48006E398A /* US2Main.storyboard in Resources */ = {isa = PBXBuildFile; fileRef = 5BC53EE91A5EAE48006E398A /* US2Main.storyboard */; };
		5BC53EED1A5EAE48006E398A /* Images.xcassets in Resources */ = {isa = PBXBuildFile; fileRef = 5BC53EEC1A5EAE48006E398A /* Images.xcassets */; };
		5BC53EF01A5EAE48006E398A /* US2LaunchScreen.xib in Resources */ = {isa = PBXBuildFile; fileRef = 5BC53EEE1A5EAE48006E398A /* US2LaunchScreen.xib */; };
		5BC53EFC1A5EAE48006E398A /* AppTestingSampleTests.m in Sources */ = {isa = PBXBuildFile; fileRef = 5BC53EFB1A5EAE48006E398A /* AppTestingSampleTests.m */; };
		5BC53F071A5EB149006E398A /* US2Commit.m in Sources */ = {isa = PBXBuildFile; fileRef = 5BC53F061A5EB149006E398A /* US2Commit.m */; };
		5BC53F0A1A5EF6DD006E398A /* US2CommitTableViewCell.m in Sources */ = {isa = PBXBuildFile; fileRef = 5BC53F091A5EF6DD006E398A /* US2CommitTableViewCell.m */; };
		5BC53F0D1A6026D4006E398A /* US2CommitDetailViewController.m in Sources */ = {isa = PBXBuildFile; fileRef = 5BC53F0C1A6026D4006E398A /* US2CommitDetailViewController.m */; };
		5BE64F3B1A64396900AAA842 /* US2Server.m in Sources */ = {isa = PBXBuildFile; fileRef = 5BE64F3A1A64396900AAA842 /* US2Server.m */; };
/* End PBXBuildFile section */

/* Begin PBXContainerItemProxy section */
		5BC53EF61A5EAE48006E398A /* PBXContainerItemProxy */ = {
			isa = PBXContainerItemProxy;
			containerPortal = 5BC53ED41A5EAE48006E398A /* Project object */;
			proxyType = 1;
			remoteGlobalIDString = 5BC53EDB1A5EAE48006E398A;
			remoteInfo = AppTestingSample;
		};
/* End PBXContainerItemProxy section */

/* Begin PBXFileReference section */
		5B539F4C1B3C08B90051B421 /* Localizable.strings */ = {isa = PBXFileReference; fileEncoding = 4; lastKnownFileType = text.plist.strings; path = Localizable.strings; sourceTree = "<group>"; };
		5B6283C21A652E6200880D01 /* AppTestingSample-BDD.app */ = {isa = PBXFileReference; explicitFileType = wrapper.application; includeInIndex = 0; path = "AppTestingSample-BDD.app"; sourceTree = BUILT_PRODUCTS_DIR; };
		5B6283C41A652EF800880D01 /* server.json */ = {isa = PBXFileReference; fileEncoding = 4; lastKnownFileType = text.json; path = server.json; sourceTree = "<group>"; };
		5B6283C61A652F8500880D01 /* Info-BDD.plist */ = {isa = PBXFileReference; fileEncoding = 4; lastKnownFileType = text.plist.xml; path = "Info-BDD.plist"; sourceTree = "<group>"; };
		5BC53EDC1A5EAE48006E398A /* AppTestingSample.app */ = {isa = PBXFileReference; explicitFileType = wrapper.application; includeInIndex = 0; path = AppTestingSample.app; sourceTree = BUILT_PRODUCTS_DIR; };
		5BC53EE01A5EAE48006E398A /* Info.plist */ = {isa = PBXFileReference; lastKnownFileType = text.plist.xml; path = Info.plist; sourceTree = "<group>"; };
		5BC53EE11A5EAE48006E398A /* main.m */ = {isa = PBXFileReference; lastKnownFileType = sourcecode.c.objc; path = main.m; sourceTree = "<group>"; };
		5BC53EE31A5EAE48006E398A /* US2AppDelegate.h */ = {isa = PBXFileReference; lastKnownFileType = sourcecode.c.h; path = US2AppDelegate.h; sourceTree = "<group>"; };
		5BC53EE41A5EAE48006E398A /* US2AppDelegate.m */ = {isa = PBXFileReference; lastKnownFileType = sourcecode.c.objc; path = US2AppDelegate.m; sourceTree = "<group>"; };
		5BC53EE61A5EAE48006E398A /* US2RepositoryCommitsViewController.h */ = {isa = PBXFileReference; lastKnownFileType = sourcecode.c.h; path = US2RepositoryCommitsViewController.h; sourceTree = "<group>"; };
		5BC53EE71A5EAE48006E398A /* US2RepositoryCommitsViewController.m */ = {isa = PBXFileReference; lastKnownFileType = sourcecode.c.objc; path = US2RepositoryCommitsViewController.m; sourceTree = "<group>"; };
		5BC53EEA1A5EAE48006E398A /* Base */ = {isa = PBXFileReference; lastKnownFileType = file.storyboard; name = Base; path = Base.lproj/US2Main.storyboard; sourceTree = "<group>"; };
		5BC53EEC1A5EAE48006E398A /* Images.xcassets */ = {isa = PBXFileReference; lastKnownFileType = folder.assetcatalog; path = Images.xcassets; sourceTree = "<group>"; };
		5BC53EEF1A5EAE48006E398A /* Base */ = {isa = PBXFileReference; lastKnownFileType = file.xib; name = Base; path = Base.lproj/US2LaunchScreen.xib; sourceTree = "<group>"; };
		5BC53EF51A5EAE48006E398A /* AppTestingSampleTests.xctest */ = {isa = PBXFileReference; explicitFileType = wrapper.cfbundle; includeInIndex = 0; path = AppTestingSampleTests.xctest; sourceTree = BUILT_PRODUCTS_DIR; };
		5BC53EFA1A5EAE48006E398A /* Info.plist */ = {isa = PBXFileReference; lastKnownFileType = text.plist.xml; path = Info.plist; sourceTree = "<group>"; };
		5BC53EFB1A5EAE48006E398A /* AppTestingSampleTests.m */ = {isa = PBXFileReference; lastKnownFileType = sourcecode.c.objc; path = AppTestingSampleTests.m; sourceTree = "<group>"; };
		5BC53F051A5EB149006E398A /* US2Commit.h */ = {isa = PBXFileReference; fileEncoding = 4; lastKnownFileType = sourcecode.c.h; path = US2Commit.h; sourceTree = "<group>"; };
		5BC53F061A5EB149006E398A /* US2Commit.m */ = {isa = PBXFileReference; fileEncoding = 4; lastKnownFileType = sourcecode.c.objc; path = US2Commit.m; sourceTree = "<group>"; };
		5BC53F081A5EF6DD006E398A /* US2CommitTableViewCell.h */ = {isa = PBXFileReference; fileEncoding = 4; lastKnownFileType = sourcecode.c.h; path = US2CommitTableViewCell.h; sourceTree = "<group>"; };
		5BC53F091A5EF6DD006E398A /* US2CommitTableViewCell.m */ = {isa = PBXFileReference; fileEncoding = 4; lastKnownFileType = sourcecode.c.objc; path = US2CommitTableViewCell.m; sourceTree = "<group>"; };
		5BC53F0B1A6026D4006E398A /* US2CommitDetailViewController.h */ = {isa = PBXFileReference; fileEncoding = 4; lastKnownFileType = sourcecode.c.h; path = US2CommitDetailViewController.h; sourceTree = "<group>"; };
		5BC53F0C1A6026D4006E398A /* US2CommitDetailViewController.m */ = {isa = PBXFileReference; fileEncoding = 4; lastKnownFileType = sourcecode.c.objc; path = US2CommitDetailViewController.m; sourceTree = "<group>"; };
		5BE64F391A64396900AAA842 /* US2Server.h */ = {isa = PBXFileReference; fileEncoding = 4; lastKnownFileType = sourcecode.c.h; path = US2Server.h; sourceTree = "<group>"; };
		5BE64F3A1A64396900AAA842 /* US2Server.m */ = {isa = PBXFileReference; fileEncoding = 4; lastKnownFileType = sourcecode.c.objc; path = US2Server.m; sourceTree = "<group>"; };
/* End PBXFileReference section */

/* Begin PBXFrameworksBuildPhase section */
		5B6283BA1A652E6200880D01 /* Frameworks */ = {
			isa = PBXFrameworksBuildPhase;
			buildActionMask = 2147483647;
			files = (
			);
			runOnlyForDeploymentPostprocessing = 0;
		};
		5BC53ED91A5EAE48006E398A /* Frameworks */ = {
			isa = PBXFrameworksBuildPhase;
			buildActionMask = 2147483647;
			files = (
			);
			runOnlyForDeploymentPostprocessing = 0;
		};
		5BC53EF21A5EAE48006E398A /* Frameworks */ = {
			isa = PBXFrameworksBuildPhase;
			buildActionMask = 2147483647;
			files = (
			);
			runOnlyForDeploymentPostprocessing = 0;
		};
/* End PBXFrameworksBuildPhase section */

/* Begin PBXGroup section */
		5BC53ED31A5EAE48006E398A = {
			isa = PBXGroup;
			children = (
				5BC53EDE1A5EAE48006E398A /* AppTestingSample */,
				5BC53EF81A5EAE48006E398A /* AppTestingSampleTests */,
				5BC53EDD1A5EAE48006E398A /* Products */,
			);
			sourceTree = "<group>";
		};
		5BC53EDD1A5EAE48006E398A /* Products */ = {
			isa = PBXGroup;
			children = (
				5BC53EDC1A5EAE48006E398A /* AppTestingSample.app */,
				5BC53EF51A5EAE48006E398A /* AppTestingSampleTests.xctest */,
				5B6283C21A652E6200880D01 /* AppTestingSample-BDD.app */,
			);
			name = Products;
			sourceTree = "<group>";
		};
		5BC53EDE1A5EAE48006E398A /* AppTestingSample */ = {
			isa = PBXGroup;
			children = (
				5BE64F391A64396900AAA842 /* US2Server.h */,
				5BE64F3A1A64396900AAA842 /* US2Server.m */,
				5BC53EE31A5EAE48006E398A /* US2AppDelegate.h */,
				5BC53EE41A5EAE48006E398A /* US2AppDelegate.m */,
				5BC53EE61A5EAE48006E398A /* US2RepositoryCommitsViewController.h */,
				5BC53EE71A5EAE48006E398A /* US2RepositoryCommitsViewController.m */,
				5BC53F051A5EB149006E398A /* US2Commit.h */,
				5BC53F061A5EB149006E398A /* US2Commit.m */,
				5BC53F081A5EF6DD006E398A /* US2CommitTableViewCell.h */,
				5BC53F091A5EF6DD006E398A /* US2CommitTableViewCell.m */,
				5BC53F0B1A6026D4006E398A /* US2CommitDetailViewController.h */,
				5BC53F0C1A6026D4006E398A /* US2CommitDetailViewController.m */,
				5BC53EEE1A5EAE48006E398A /* US2LaunchScreen.xib */,
				5BC53EE91A5EAE48006E398A /* US2Main.storyboard */,
				5BC53EEC1A5EAE48006E398A /* Images.xcassets */,
				5B539F4C1B3C08B90051B421 /* Localizable.strings */,
				5BC53EDF1A5EAE48006E398A /* Supporting Files */,
			);
			path = AppTestingSample;
			sourceTree = "<group>";
		};
		5BC53EDF1A5EAE48006E398A /* Supporting Files */ = {
			isa = PBXGroup;
			children = (
				5B6283C41A652EF800880D01 /* server.json */,
				5BC53EE01A5EAE48006E398A /* Info.plist */,
				5B6283C61A652F8500880D01 /* Info-BDD.plist */,
				5BC53EE11A5EAE48006E398A /* main.m */,
			);
			name = "Supporting Files";
			sourceTree = "<group>";
		};
		5BC53EF81A5EAE48006E398A /* AppTestingSampleTests */ = {
			isa = PBXGroup;
			children = (
				5BC53EFB1A5EAE48006E398A /* AppTestingSampleTests.m */,
				5BC53EF91A5EAE48006E398A /* Supporting Files */,
			);
			path = AppTestingSampleTests;
			sourceTree = "<group>";
		};
		5BC53EF91A5EAE48006E398A /* Supporting Files */ = {
			isa = PBXGroup;
			children = (
				5BC53EFA1A5EAE48006E398A /* Info.plist */,
			);
			name = "Supporting Files";
			sourceTree = "<group>";
		};
/* End PBXGroup section */

/* Begin PBXNativeTarget section */
		5B6283B11A652E6200880D01 /* AppTestingSample-BDD */ = {
			isa = PBXNativeTarget;
			buildConfigurationList = 5B6283BF1A652E6200880D01 /* Build configuration list for PBXNativeTarget "AppTestingSample-BDD" */;
			buildPhases = (
				5B6283B21A652E6200880D01 /* Sources */,
				5B6283BA1A652E6200880D01 /* Frameworks */,
				5B6283BB1A652E6200880D01 /* Resources */,
			);
			buildRules = (
			);
			dependencies = (
			);
			name = "AppTestingSample-BDD";
			productName = AppTestingSample;
			productReference = 5B6283C21A652E6200880D01 /* AppTestingSample-BDD.app */;
			productType = "com.apple.product-type.application";
		};
		5BC53EDB1A5EAE48006E398A /* AppTestingSample */ = {
			isa = PBXNativeTarget;
			buildConfigurationList = 5BC53EFF1A5EAE49006E398A /* Build configuration list for PBXNativeTarget "AppTestingSample" */;
			buildPhases = (
				5BC53ED81A5EAE48006E398A /* Sources */,
				5BC53ED91A5EAE48006E398A /* Frameworks */,
				5BC53EDA1A5EAE48006E398A /* Resources */,
			);
			buildRules = (
			);
			dependencies = (
			);
			name = AppTestingSample;
			productName = AppTestingSample;
			productReference = 5BC53EDC1A5EAE48006E398A /* AppTestingSample.app */;
			productType = "com.apple.product-type.application";
		};
		5BC53EF41A5EAE48006E398A /* AppTestingSampleTests */ = {
			isa = PBXNativeTarget;
			buildConfigurationList = 5BC53F021A5EAE49006E398A /* Build configuration list for PBXNativeTarget "AppTestingSampleTests" */;
			buildPhases = (
				5BC53EF11A5EAE48006E398A /* Sources */,
				5BC53EF21A5EAE48006E398A /* Frameworks */,
				5BC53EF31A5EAE48006E398A /* Resources */,
			);
			buildRules = (
			);
			dependencies = (
				5BC53EF71A5EAE48006E398A /* PBXTargetDependency */,
			);
			name = AppTestingSampleTests;
			productName = AppTestingSampleTests;
			productReference = 5BC53EF51A5EAE48006E398A /* AppTestingSampleTests.xctest */;
			productType = "com.apple.product-type.bundle.unit-test";
		};
/* End PBXNativeTarget section */

/* Begin PBXProject section */
		5BC53ED41A5EAE48006E398A /* Project object */ = {
			isa = PBXProject;
			attributes = {
				LastUpgradeCheck = 0610;
				ORGANIZATIONNAME = ustwo;
				TargetAttributes = {
					5BC53EDB1A5EAE48006E398A = {
						CreatedOnToolsVersion = 6.1.1;
					};
					5BC53EF41A5EAE48006E398A = {
						CreatedOnToolsVersion = 6.1.1;
						TestTargetID = 5BC53EDB1A5EAE48006E398A;
					};
				};
			};
			buildConfigurationList = 5BC53ED71A5EAE48006E398A /* Build configuration list for PBXProject "AppTestingSample" */;
			compatibilityVersion = "Xcode 3.2";
			developmentRegion = English;
			hasScannedForEncodings = 0;
			knownRegions = (
				en,
				Base,
			);
			mainGroup = 5BC53ED31A5EAE48006E398A;
			productRefGroup = 5BC53EDD1A5EAE48006E398A /* Products */;
			projectDirPath = "";
			projectRoot = "";
			targets = (
				5BC53EDB1A5EAE48006E398A /* AppTestingSample */,
				5B6283B11A652E6200880D01 /* AppTestingSample-BDD */,
				5BC53EF41A5EAE48006E398A /* AppTestingSampleTests */,
			);
		};
/* End PBXProject section */

/* Begin PBXResourcesBuildPhase section */
		5B6283BB1A652E6200880D01 /* Resources */ = {
			isa = PBXResourcesBuildPhase;
			buildActionMask = 2147483647;
			files = (
				5B6283BC1A652E6200880D01 /* US2Main.storyboard in Resources */,
				5B539F4E1B3C08B90051B421 /* Localizable.strings in Resources */,
				5B6283BD1A652E6200880D01 /* US2LaunchScreen.xib in Resources */,
				5B6283C51A652EF800880D01 /* server.json in Resources */,
				5B6283BE1A652E6200880D01 /* Images.xcassets in Resources */,
				5B6283C71A652F8500880D01 /* Info-BDD.plist in Resources */,
			);
			runOnlyForDeploymentPostprocessing = 0;
		};
		5BC53EDA1A5EAE48006E398A /* Resources */ = {
			isa = PBXResourcesBuildPhase;
			buildActionMask = 2147483647;
			files = (
				5BC53EEB1A5EAE48006E398A /* US2Main.storyboard in Resources */,
				5B539F4D1B3C08B90051B421 /* Localizable.strings in Resources */,
				5BC53EF01A5EAE48006E398A /* US2LaunchScreen.xib in Resources */,
				5BC53EED1A5EAE48006E398A /* Images.xcassets in Resources */,
			);
			runOnlyForDeploymentPostprocessing = 0;
		};
		5BC53EF31A5EAE48006E398A /* Resources */ = {
			isa = PBXResourcesBuildPhase;
			buildActionMask = 2147483647;
			files = (
			);
			runOnlyForDeploymentPostprocessing = 0;
		};
/* End PBXResourcesBuildPhase section */

/* Begin PBXSourcesBuildPhase section */
		5B6283B21A652E6200880D01 /* Sources */ = {
			isa = PBXSourcesBuildPhase;
			buildActionMask = 2147483647;
			files = (
				5B6283B31A652E6200880D01 /* US2Commit.m in Sources */,
				5B6283B41A652E6200880D01 /* US2CommitDetailViewController.m in Sources */,
				5B6283B51A652E6200880D01 /* US2CommitTableViewCell.m in Sources */,
				5B6283B61A652E6200880D01 /* US2RepositoryCommitsViewController.m in Sources */,
				5B6283B71A652E6200880D01 /* US2Server.m in Sources */,
				5B6283B81A652E6200880D01 /* US2AppDelegate.m in Sources */,
				5B6283B91A652E6200880D01 /* main.m in Sources */,
			);
			runOnlyForDeploymentPostprocessing = 0;
		};
		5BC53ED81A5EAE48006E398A /* Sources */ = {
			isa = PBXSourcesBuildPhase;
			buildActionMask = 2147483647;
			files = (
				5BC53F071A5EB149006E398A /* US2Commit.m in Sources */,
				5BC53F0D1A6026D4006E398A /* US2CommitDetailViewController.m in Sources */,
				5BC53F0A1A5EF6DD006E398A /* US2CommitTableViewCell.m in Sources */,
				5BC53EE81A5EAE48006E398A /* US2RepositoryCommitsViewController.m in Sources */,
				5BE64F3B1A64396900AAA842 /* US2Server.m in Sources */,
				5BC53EE51A5EAE48006E398A /* US2AppDelegate.m in Sources */,
				5BC53EE21A5EAE48006E398A /* main.m in Sources */,
			);
			runOnlyForDeploymentPostprocessing = 0;
		};
		5BC53EF11A5EAE48006E398A /* Sources */ = {
			isa = PBXSourcesBuildPhase;
			buildActionMask = 2147483647;
			files = (
				5BC53EFC1A5EAE48006E398A /* AppTestingSampleTests.m in Sources */,
			);
			runOnlyForDeploymentPostprocessing = 0;
		};
/* End PBXSourcesBuildPhase section */

/* Begin PBXTargetDependency section */
		5BC53EF71A5EAE48006E398A /* PBXTargetDependency */ = {
			isa = PBXTargetDependency;
			target = 5BC53EDB1A5EAE48006E398A /* AppTestingSample */;
			targetProxy = 5BC53EF61A5EAE48006E398A /* PBXContainerItemProxy */;
		};
/* End PBXTargetDependency section */

/* Begin PBXVariantGroup section */
		5BC53EE91A5EAE48006E398A /* US2Main.storyboard */ = {
			isa = PBXVariantGroup;
			children = (
				5BC53EEA1A5EAE48006E398A /* Base */,
			);
			name = US2Main.storyboard;
			sourceTree = "<group>";
		};
		5BC53EEE1A5EAE48006E398A /* US2LaunchScreen.xib */ = {
			isa = PBXVariantGroup;
			children = (
				5BC53EEF1A5EAE48006E398A /* Base */,
			);
			name = US2LaunchScreen.xib;
			sourceTree = "<group>";
		};
/* End PBXVariantGroup section */

/* Begin XCBuildConfiguration section */
		5B6283C01A652E6200880D01 /* Debug */ = {
			isa = XCBuildConfiguration;
			buildSettings = {
				ASSETCATALOG_COMPILER_APPICON_NAME = AppIcon;
				INFOPLIST_FILE = "AppTestingSample/Info-BDD.plist";
				LD_RUNPATH_SEARCH_PATHS = "$(inherited) @executable_path/Frameworks";
				PRODUCT_NAME = "AppTestingSample-BDD";
			};
			name = Debug;
		};
		5B6283C11A652E6200880D01 /* Release */ = {
			isa = XCBuildConfiguration;
			buildSettings = {
				ASSETCATALOG_COMPILER_APPICON_NAME = AppIcon;
				INFOPLIST_FILE = "AppTestingSample/Info-BDD.plist";
				LD_RUNPATH_SEARCH_PATHS = "$(inherited) @executable_path/Frameworks";
				PRODUCT_NAME = "AppTestingSample-BDD";
			};
			name = Release;
		};
		5BC53EFD1A5EAE48006E398A /* Debug */ = {
			isa = XCBuildConfiguration;
			buildSettings = {
				ALWAYS_SEARCH_USER_PATHS = NO;
				CLANG_CXX_LANGUAGE_STANDARD = "gnu++0x";
				CLANG_CXX_LIBRARY = "libc++";
				CLANG_ENABLE_MODULES = YES;
				CLANG_ENABLE_OBJC_ARC = YES;
				CLANG_WARN_BOOL_CONVERSION = YES;
				CLANG_WARN_CONSTANT_CONVERSION = YES;
				CLANG_WARN_DIRECT_OBJC_ISA_USAGE = YES_ERROR;
				CLANG_WARN_EMPTY_BODY = YES;
				CLANG_WARN_ENUM_CONVERSION = YES;
				CLANG_WARN_INT_CONVERSION = YES;
				CLANG_WARN_OBJC_ROOT_CLASS = YES_ERROR;
				CLANG_WARN_UNREACHABLE_CODE = YES;
				CLANG_WARN__DUPLICATE_METHOD_MATCH = YES;
				"CODE_SIGN_IDENTITY[sdk=iphoneos*]" = "iPhone Developer";
				COPY_PHASE_STRIP = NO;
				ENABLE_STRICT_OBJC_MSGSEND = YES;
				GCC_C_LANGUAGE_STANDARD = gnu99;
				GCC_DYNAMIC_NO_PIC = NO;
				GCC_OPTIMIZATION_LEVEL = 0;
				GCC_PREPROCESSOR_DEFINITIONS = (
					"DEBUG=1",
					"$(inherited)",
				);
				GCC_SYMBOLS_PRIVATE_EXTERN = NO;
				GCC_WARN_64_TO_32_BIT_CONVERSION = YES;
				GCC_WARN_ABOUT_RETURN_TYPE = YES_ERROR;
				GCC_WARN_UNDECLARED_SELECTOR = YES;
				GCC_WARN_UNINITIALIZED_AUTOS = YES_AGGRESSIVE;
				GCC_WARN_UNUSED_FUNCTION = YES;
				GCC_WARN_UNUSED_VARIABLE = YES;
				IPHONEOS_DEPLOYMENT_TARGET = 8.1;
				MTL_ENABLE_DEBUG_INFO = YES;
				ONLY_ACTIVE_ARCH = YES;
				SDKROOT = iphoneos;
			};
			name = Debug;
		};
		5BC53EFE1A5EAE48006E398A /* Release */ = {
			isa = XCBuildConfiguration;
			buildSettings = {
				ALWAYS_SEARCH_USER_PATHS = NO;
				CLANG_CXX_LANGUAGE_STANDARD = "gnu++0x";
				CLANG_CXX_LIBRARY = "libc++";
				CLANG_ENABLE_MODULES = YES;
				CLANG_ENABLE_OBJC_ARC = YES;
				CLANG_WARN_BOOL_CONVERSION = YES;
				CLANG_WARN_CONSTANT_CONVERSION = YES;
				CLANG_WARN_DIRECT_OBJC_ISA_USAGE = YES_ERROR;
				CLANG_WARN_EMPTY_BODY = YES;
				CLANG_WARN_ENUM_CONVERSION = YES;
				CLANG_WARN_INT_CONVERSION = YES;
				CLANG_WARN_OBJC_ROOT_CLASS = YES_ERROR;
				CLANG_WARN_UNREACHABLE_CODE = YES;
				CLANG_WARN__DUPLICATE_METHOD_MATCH = YES;
				"CODE_SIGN_IDENTITY[sdk=iphoneos*]" = "iPhone Developer";
				COPY_PHASE_STRIP = YES;
				ENABLE_NS_ASSERTIONS = NO;
				ENABLE_STRICT_OBJC_MSGSEND = YES;
				GCC_C_LANGUAGE_STANDARD = gnu99;
				GCC_WARN_64_TO_32_BIT_CONVERSION = YES;
				GCC_WARN_ABOUT_RETURN_TYPE = YES_ERROR;
				GCC_WARN_UNDECLARED_SELECTOR = YES;
				GCC_WARN_UNINITIALIZED_AUTOS = YES_AGGRESSIVE;
				GCC_WARN_UNUSED_FUNCTION = YES;
				GCC_WARN_UNUSED_VARIABLE = YES;
				IPHONEOS_DEPLOYMENT_TARGET = 8.1;
				MTL_ENABLE_DEBUG_INFO = NO;
				SDKROOT = iphoneos;
				VALIDATE_PRODUCT = YES;
			};
			name = Release;
		};
		5BC53F001A5EAE49006E398A /* Debug */ = {
			isa = XCBuildConfiguration;
			buildSettings = {
				ASSETCATALOG_COMPILER_APPICON_NAME = AppIcon;
				INFOPLIST_FILE = AppTestingSample/Info.plist;
				LD_RUNPATH_SEARCH_PATHS = "$(inherited) @executable_path/Frameworks";
				PRODUCT_NAME = "$(TARGET_NAME)";
			};
			name = Debug;
		};
		5BC53F011A5EAE49006E398A /* Release */ = {
			isa = XCBuildConfiguration;
			buildSettings = {
				ASSETCATALOG_COMPILER_APPICON_NAME = AppIcon;
				INFOPLIST_FILE = AppTestingSample/Info.plist;
				LD_RUNPATH_SEARCH_PATHS = "$(inherited) @executable_path/Frameworks";
				PRODUCT_NAME = "$(TARGET_NAME)";
			};
			name = Release;
		};
		5BC53F031A5EAE49006E398A /* Debug */ = {
			isa = XCBuildConfiguration;
			buildSettings = {
				BUNDLE_LOADER = "$(TEST_HOST)";
				FRAMEWORK_SEARCH_PATHS = (
					"$(SDKROOT)/Developer/Library/Frameworks",
					"$(inherited)",
				);
				GCC_PREPROCESSOR_DEFINITIONS = (
					"DEBUG=1",
					"$(inherited)",
				);
				INFOPLIST_FILE = AppTestingSampleTests/Info.plist;
				LD_RUNPATH_SEARCH_PATHS = "$(inherited) @executable_path/Frameworks @loader_path/Frameworks";
				PRODUCT_NAME = "$(TARGET_NAME)";
				TEST_HOST = "$(BUILT_PRODUCTS_DIR)/AppTestingSample.app/AppTestingSample";
			};
			name = Debug;
		};
		5BC53F041A5EAE49006E398A /* Release */ = {
			isa = XCBuildConfiguration;
			buildSettings = {
				BUNDLE_LOADER = "$(TEST_HOST)";
				FRAMEWORK_SEARCH_PATHS = (
					"$(SDKROOT)/Developer/Library/Frameworks",
					"$(inherited)",
				);
				INFOPLIST_FILE = AppTestingSampleTests/Info.plist;
				LD_RUNPATH_SEARCH_PATHS = "$(inherited) @executable_path/Frameworks @loader_path/Frameworks";
				PRODUCT_NAME = "$(TARGET_NAME)";
				TEST_HOST = "$(BUILT_PRODUCTS_DIR)/AppTestingSample.app/AppTestingSample";
			};
			name = Release;
		};
/* End XCBuildConfiguration section */

/* Begin XCConfigurationList section */
		5B6283BF1A652E6200880D01 /* Build configuration list for PBXNativeTarget "AppTestingSample-BDD" */ = {
			isa = XCConfigurationList;
			buildConfigurations = (
				5B6283C01A652E6200880D01 /* Debug */,
				5B6283C11A652E6200880D01 /* Release */,
			);
			defaultConfigurationIsVisible = 0;
			defaultConfigurationName = Release;
		};
		5BC53ED71A5EAE48006E398A /* Build configuration list for PBXProject "AppTestingSample" */ = {
			isa = XCConfigurationList;
			buildConfigurations = (
				5BC53EFD1A5EAE48006E398A /* Debug */,
				5BC53EFE1A5EAE48006E398A /* Release */,
			);
			defaultConfigurationIsVisible = 0;
			defaultConfigurationName = Release;
		};
		5BC53EFF1A5EAE49006E398A /* Build configuration list for PBXNativeTarget "AppTestingSample" */ = {
			isa = XCConfigurationList;
			buildConfigurations = (
				5BC53F001A5EAE49006E398A /* Debug */,
				5BC53F011A5EAE49006E398A /* Release */,
			);
			defaultConfigurationIsVisible = 0;
			defaultConfigurationName = Release;
		};
		5BC53F021A5EAE49006E398A /* Build configuration list for PBXNativeTarget "AppTestingSampleTests" */ = {
			isa = XCConfigurationList;
			buildConfigurations = (
				5BC53F031A5EAE49006E398A /* Debug */,
				5BC53F041A5EAE49006E398A /* Release */,
			);
			defaultConfigurationIsVisible = 0;
			defaultConfigurationName = Release;
		};
/* End XCConfigurationList section */
	};
	rootObject = 5BC53ED41A5EAE48006E398A /* Project object */;
}
